{
	"name": "gobo",
	"lockfileVersion": 3,
	"requires": true,
	"packages": {
		"": {
			"devDependencies": {
				"@bokeh/bokehjs": "^3.9.2"
			}
		},
		"node_modules/@babel/runtime": {
			"version": "7.29.7",
			"resolved": "https://registry.npmjs.org/@babel/runtime/-/runtime-7.29.7.tgz",
			"integrity": "sha512-Nq8OhGWiZIZGV6hLHoyAKLLcJihP/xFeBMGJoUrxTX2psI8dCifzLhZISFb+VWS3wFMRDmCGw5R+dOySCqPLhw==",
			"dev": true,
			"license": "MIT",
			"engines": {
				"node": ">=6.9.0"
			}
		},
		"node_modules/@bokeh/bokehjs": {
			"version": "3.9.2",
			"resolved": "https://registry.npmjs.org/@bokeh/bokehjs/-/bokehjs-3.9.2.tgz",
			"integrity": "sha512-Ine6G9Fdot3ZbhCzjOxAQ8hqzxqnRdhRol4cnEtV2qrmAHl2WPTpBQX+hdxazN28M0jkJSpkwpVP9J68AQcqhQ==",
			"dev": true,
			"license": "BSD-3-Clause",
			"workspaces": [
				"./make",
				"./src/compiler",
				"./src/lib",
				"./src/server",
				"./test"
			],
			"dependencies": {
				"@bokeh/numbro": "^1.6.2",
				"@bokeh/slickgrid": "~2.4.4103",
				"@preact/signals": "^2.5.1",
				"@types/geojson": "^7946.0.13",
				"@types/google.maps": "^3.55.5",
				"@types/nearley": "^2.11.5",
				"@types/proj4": "^2.5.5",
				"@types/semver": "^7.7.1",
				"@types/sprintf-js": "^1.1.4",
				"choices.js": "^10.2.0",
				"dompurify": "^3.3.0",
				"fflate": "^0.8.2",
				"flatbush": "^4.5.1",
				"flatpickr": "^4.6.13",
				"marked": "^17.0.1",
				"mathjax-full": "^3.2.2",
				"nearley": "^2.20.1",
				"nouislider": "^15.7.1",
				"preact": "^10.28.0",
				"proj4": "^2.11.0",
				"regl": "^2.1.0",
				"sprintf-js": "^1.1.3",
				"timezone": "^1.0.23",
				"tslib": "^2.8.1",
				"underscore.template": "^0.1.7"
			},
			"engines": {
				"node": ">=16.0",
				"npm": ">=8.0"
			}
		},
		"node_modules/@bokeh/numbro": {
			"version": "1.6.2",
			"resolved": "https://registry.npmjs.org/@bokeh/numbro/-/numbro-1.6.2.tgz",
			"integrity": "sha512-owIECPc3T3QXHCb2v5Ez+/uE9SIxI7N4nd9iFlWnfBrOelr0/omvFn09VisRn37AAFAY39sJiCVgECwryHWUPA==",
			"dev": true,
			"engines": {
				"node": "*"
			}
		},
		"node_modules/@bokeh/slickgrid": {
			"version": "2.4.4103",
			"resolved": "https://registry.npmjs.org/@bokeh/slickgrid/-/slickgrid-2.4.4103.tgz",
			"integrity": "sha512-wPitQJNUNUHw+86BPemvb1kIuV6UB4CpjEEDIXpU8G6Jges+8nx/iGHW8w9BwvICdeyhAmfX9Hmn5vRJMbe+uw==",
			"deprecated": "Package no longer supported. Contact Support at https://www.npmjs.com/support for more info.",
			"dev": true,
			"license": "MIT",
			"dependencies": {
				"@types/slickgrid": "^2.1.30",
				"jquery": ">=3.4.0",
				"jquery-ui": ">=1.8.0",
				"tslib": "^1.10.0"
			}
		},
		"node_modules/@bokeh/slickgrid/node_modules/tslib": {
			"version": "1.14.1",
			"resolved": "https://registry.npmjs.org/tslib/-/tslib-1.14.1.tgz",
			"integrity": "sha512-Xni35NKzjgMrwevysHTCArtLDpPvye8zV/0E4EyYn43P7/7qvQwPh9BGkHewbMulVntbigmcT7rdX3BNo9wRJg==",
			"dev": true,
			"license": "0BSD"
		},
		"node_modules/@preact/signals": {
			"version": "2.11.0",
			"resolved": "https://registry.npmjs.org/@preact/signals/-/signals-2.11.0.tgz",
			"integrity": "sha512-mmrZ8I/Wef+tmSsQSjZySLRlnvuYAVfSZEy1+HrFvSwBtQf8/zSM+bV7odllUXIhKzUkBjsNk+TLZ20nt7p6Gg==",
			"dev": true,
			"license": "MIT",
			"dependencies": {
				"@preact/signals-core": "^1.14.4"
			},
			"funding": {
				"type": "opencollective",
				"url": "https://opencollective.com/preact"
			},
			"peerDependencies": {
				"preact": ">= 10.25.0 || >=11.0.0-0"
			}
		},
		"node_modules/@preact/signals-core": {
			"version": "1.14.4",
			"resolved": "https://registry.npmjs.org/@preact/signals-core/-/signals-core-1.14.4.tgz",
			"integrity": "sha512-HNB6HYeYKhQbJ1aKl+YRjrS4+QWHLKX6qKoUsfS/m0vqzsVaEBiZiaKbG/e+NKk2ch5ALQr/ihWaMHxiCuuWHA==",
			"dev": true,
			"license": "MIT",
			"funding": {
				"type": "opencollective",
				"url": "https://opencollective.com/preact"
			}
		},
		"node_modules/@types/geojson": {
			"version": "7946.0.16",
			"resolved": "https://registry.npmjs.org/@types/geojson/-/geojson-7946.0.16.tgz",
			"integrity": "sha512-6C8nqWur3j98U6+lXDfTUWIfgvZU+EumvpHKcYjujKH7woYyLj2sUmff0tRhrqM7BohUw7Pz3ZB1jj2gW9Fvmg==",
			"dev": true,
			"license": "MIT"
		},
		"node_modules/@types/google.maps": {
			"version": "3.65.5",
			"resolved": "https://registry.npmjs.org/@types/google.maps/-/google.maps-3.65.5.tgz",
			"integrity": "sha512-oR9Hq/WaKGzIguZEwoCuyQ0ofDhCbefmS9RrjLUZ5scMziwTE6xA90drJYt2ZsyUCYmCqnxQcDpfGqeRE/Zgog==",
			"dev": true,
			"license": "MIT"
		},
		"node_modules/@types/jquery": {
			"version": "4.0.1",
			"resolved": "https://registry.npmjs.org/@types/jquery/-/jquery-4.0.1.tgz",
			"integrity": "sha512-9a59A/tycXgYuPABcp6/3spSShn0NT2UOM4EfHvMumjYi4lJWTsK5SZWjhx3yRm9IHGCeWXdV2YfNsrWrft/CA==",
			"dev": true,
			"license": "MIT"
		},
		"node_modules/@types/nearley": {
			"version": "2.11.5",
			"resolved": "https://registry.npmjs.org/@types/nearley/-/nearley-2.11.5.tgz",
			"integrity": "sha512-dM7TrN0bVxGGXTYGx4YhGear8ysLO5SOuouAWM9oltjQ3m9oYa13qi8Z1DJp5zxVMPukvQdsrnZmgzpeuTSEQA==",
			"dev": true,
			"license": "MIT"
		},
		"node_modules/@types/proj4": {
			"version": "2.5.6",
			"resolved": "https://registry.npmjs.org/@types/proj4/-/proj4-2.5.6.tgz",
			"integrity": "sha512-zfMrPy9fx+8DchqM0kIUGeu2tTVB5ApO1KGAYcSGFS8GoqRIkyL41xq2yCx/iV3sOLzo7v4hEgViSLTiPI1L0w==",
			"dev": true,
			"license": "MIT"
		},
		"node_modules/@types/semver": {
			"version": "7.8.0",
			"resolved": "https://registry.npmjs.org/@types/semver/-/semver-7.8.0.tgz",
			"integrity": "sha512-1mAINjtQCXXeLkJ9ehXkwOcBpqtLxiVtKhpUf83DdRNdQKV0iXZpaHYqRr7nj+wvxuJzoAmAwXI+sCNMv1CzLQ==",
			"dev": true,
			"license": "MIT"
		},
		"node_modules/@types/slickgrid": {
			"version": "2.1.40",
			"resolved": "https://registry.npmjs.org/@types/slickgrid/-/slickgrid-2.1.40.tgz",
			"integrity": "sha512-+HWaipRr4bw0cy4eS8PCWxo+Fi66aL+mh36unRLAWtatAvMnxpldTKfpe9T7zdNtgN+rq+/faux3JzFR1mj/dg==",
			"dev": true,
			"license": "MIT",
			"dependencies": {
				"@types/jquery": "*"
			}
		},
		"node_modules/@types/sprintf-js": {
			"version": "1.1.4",
			"resolved": "https://registry.npmjs.org/@types/sprintf-js/-/sprintf-js-1.1.4.tgz",
			"integrity": "sha512-aWK1reDYWxcjgcIIPmQi3u+OQDuYa9b+lr6eIsGWrekJ9vr1NSjr4Eab8oQ1iKuH1ltFHpXGyerAv1a3FMKxzQ==",
			"dev": true,
			"license": "MIT"
		},
		"node_modules/@types/trusted-types": {
			"version": "2.0.7",
			"resolved": "https://registry.npmjs.org/@types/trusted-types/-/trusted-types-2.0.7.tgz",
			"integrity": "sha512-ScaPdn1dQczgbl0QFTeTOmVHFULt394XJgOQNoyVhZ6r2vLnMLJfBPd53SB52T/3G36VI1/g2MZaX0cwDuXsfw==",
			"dev": true,
			"license": "MIT",
			"optional": true
		},
		"node_modules/@xmldom/xmldom": {
			"version": "0.9.10",
			"resolved": "https://registry.npmjs.org/@xmldom/xmldom/-/xmldom-0.9.10.tgz",
			"integrity": "sha512-A9gOqLdi6cV4ibazAjcQufGj0B1y/vDqYrcuP6d/6x8P27gRS8643Dj9o1dEKtB6O7fwxb2FgBmJS2mX7gpvdw==",
			"deprecated": "this version has critical issues, please update to the latest version",
			"dev": true,
			"license": "MIT",
			"engines": {
				"node": ">=14.6"
			}
		},
		"node_modules/choices.js": {
			"version": "10.2.0",
			"resolved": "https://registry.npmjs.org/choices.js/-/choices.js-10.2.0.tgz",
			"integrity": "sha512-8PKy6wq7BMjNwDTZwr3+Zry6G2+opJaAJDDA/j3yxvqSCnvkKe7ZIFfIyOhoc7htIWFhsfzF9tJpGUATcpUtPg==",
			"dev": true,
			"license": "MIT",
			"dependencies": {
				"deepmerge": "^4.2.2",
				"fuse.js": "^6.6.2",
				"redux": "^4.2.0"
			}
		},
		"node_modules/commander": {
			"version": "2.20.3",
			"resolved": "https://registry.npmjs.org/commander/-/commander-2.20.3.tgz",
			"integrity": "sha512-GpVkmM8vF2vQUkj2LvZmD35JxeJOLCwJ9cUkugyk2nuhbv3+mJvpLYYt+0+USMxE+oj+ey/lJEnhZw75x/OMcQ==",
			"dev": true,
			"license": "MIT"
		},
		"node_modules/deepmerge": {
			"version": "4.3.1",
			"resolved": "https://registry.npmjs.org/deepmerge/-/deepmerge-4.3.1.tgz",
			"integrity": "sha512-3sUqbMEc77XqpdNO7FRyRog+eW3ph+GYCbj+rK+uYyRMuwsVy0rMiVtPn+QJlKFvWP/1PYpapqYn0Me2knFn+A==",
			"dev": true,
			"license": "MIT",
			"engines": {
				"node": ">=0.10.0"
			}
		},
		"node_modules/discontinuous-range": {
			"version": "1.0.0",
			"resolved": "https://registry.npmjs.org/discontinuous-range/-/discontinuous-range-1.0.0.tgz",
			"integrity": "sha512-c68LpLbO+7kP/b1Hr1qs8/BJ09F5khZGTxqxZuhzxpmwJKOgRFHJWIb9/KmqnqHhLdO55aOxFH/EGBvUQbL/RQ==",
			"dev": true,
			"license": "MIT"
		},
		"node_modules/dompurify": {
			"version": "3.4.13",
			"resolved": "https://registry.npmjs.org/dompurify/-/dompurify-3.4.13.tgz",
			"integrity": "sha512-2vmYIoqjze2d+kakP8S/nS5shfsl587kzwEjcGlTdiksUVgFHnFCsLYDVj/JNqJVOQZGSYBTmuycv0PodwmnMQ==",
			"dev": true,
			"license": "(MPL-2.0 OR Apache-2.0)",
			"optionalDependencies": {
				"@types/trusted-types": "^2.0.7"
			}
		},
		"node_modules/esm": {
			"version": "3.2.25",
			"resolved": "https://registry.npmjs.org/esm/-/esm-3.2.25.tgz",
			"integrity": "sha512-U1suiZ2oDVWv4zPO56S0NcR5QriEahGtdN2OR6FiOG4WJvcjBVFB0qI4+eKoWFH483PKGuLuu6V8Z4T5g63UVA==",
			"dev": true,
			"license": "MIT",
			"engines": {
				"node": ">=6"
			}
		},
		"node_modules/fflate": {
			"version": "0.8.3",
			"resolved": "https://registry.npmjs.org/fflate/-/fflate-0.8.3.tgz",
			"integrity": "sha512-tbZNuJrLwGUp3zshBtdy4W+ORxZuIh8a5ilyIEQDC5rY1f3U20JMry0Ll3WBzU58EZKsEuJFXhb5gwv8CsPvgA==",
			"dev": true,
			"license": "MIT"
		},
		"node_modules/flatbush": {
			"version": "4.6.2",
			"resolved": "https://registry.npmjs.org/flatbush/-/flatbush-4.6.2.tgz",
			"integrity": "sha512-nNT7MFJ58Q4IAm3aYsEg+zgZGpdRcmR1i4U+aa8c+r91jmYZg7FTQwNnIMC0FyBqVZTbClKdAnrJkKkfp1BOvw==",
			"dev": true,
			"license": "ISC",
			"dependencies": {
				"flatqueue": "^3.1.0"
			}
		},
		"node_modules/flatpickr": {
			"version": "4.6.13",
			"resolved": "https://registry.npmjs.org/flatpickr/-/flatpickr-4.6.13.tgz",
			"integrity": "sha512-97PMG/aywoYpB4IvbvUJi0RQi8vearvU0oov1WW3k0WZPBMrTQVqekSX5CjSG/M4Q3i6A/0FKXC7RyAoAUUSPw==",
			"dev": true,
			"license": "MIT"
		},
		"node_modules/flatqueue": {
			"version": "3.1.0",
			"resolved": "https://registry.npmjs.org/flatqueue/-/flatqueue-3.1.0.tgz",
			"integrity": "sha512-Ia4qIYrrsEqIRx3c3XhkT+QDLQuUV5ovsr6ah1rIgKT5wclhoGK3lAMS1bWRAWxlx7wtlTBpV7QXB5d9fOSRxA==",
			"dev": true,
			"license": "ISC"
		},
		"node_modules/fuse.js": {
			"version": "6.6.2",
			"resolved": "https://registry.npmjs.org/fuse.js/-/fuse.js-6.6.2.tgz",
			"integrity": "sha512-cJaJkxCCxC8qIIcPBF9yGxY0W/tVZS3uEISDxhYIdtk8OL93pe+6Zj7LjCqVV4dzbqcriOZ+kQ/NE4RXZHsIGA==",
			"dev": true,
			"license": "Apache-2.0",
			"engines": {
				"node": ">=10"
			}
		},
		"node_modules/jquery": {
			"version": "4.0.0",
			"resolved": "https://registry.npmjs.org/jquery/-/jquery-4.0.0.tgz",
			"integrity": "sha512-TXCHVR3Lb6TZdtw1l3RTLf8RBWVGexdxL6AC8/e0xZKEpBflBsjh9/8LXw+dkNFuOyW9B7iB3O1sP7hS0Kiacg==",
			"dev": true,
			"license": "MIT"
		},
		"node_modules/jquery-ui": {
			"version": "1.14.2",
			"resolved": "https://registry.npmjs.org/jquery-ui/-/jquery-ui-1.14.2.tgz",
			"integrity": "sha512-1gSl7PUjyipa2adSr780Ujk16faicrV7PjPPzPtvWk7tTqBnsqp67NNV9jZK2+BIxUPXWSnIUU/LBCgwgGZE+Q==",
			"dev": true,
			"license": "MIT",
			"dependencies": {
				"jquery": ">=1.12.0 <5.0.0"
			}
		},
		"node_modules/marked": {
			"version": "17.0.6",
			"resolved": "https://registry.npmjs.org/marked/-/marked-17.0.6.tgz",
			"integrity": "sha512-gB0gkNafnonOw0obSTEGZTT86IuhILt2Wfx0mWH/1Au83kybTayroZ/V6nS25mN7u8ASy+5fMhgB3XPNrOZdmA==",
			"dev": true,
			"license": "MIT",
			"bin": {
				"marked": "bin/marked.js"
			},
			"engines": {
				"node": ">= 20"
			}
		},
		"node_modules/mathjax-full": {
			"version": "3.2.2",
			"resolved": "https://registry.npmjs.org/mathjax-full/-/mathjax-full-3.2.2.tgz",
			"integrity": "sha512-+LfG9Fik+OuI8SLwsiR02IVdjcnRCy5MufYLi0C3TdMT56L/pjB0alMVGgoWJF8pN9Rc7FESycZB9BMNWIid5w==",
			"deprecated": "Version 4 replaces this package with the scoped package @mathjax/src",
			"dev": true,
			"license": "Apache-2.0",
			"dependencies": {
				"esm": "^3.2.25",
				"mhchemparser": "^4.1.0",
				"mj-context-menu": "^0.6.1",
				"speech-rule-engine": "^4.0.6"
			}
		},
		"node_modules/mgrs": {
			"version": "1.0.0",
			"resolved": "https://registry.npmjs.org/mgrs/-/mgrs-1.0.0.tgz",
			"integrity": "sha512-awNbTOqCxK1DBGjalK3xqWIstBZgN6fxsMSiXLs9/spqWkF2pAhb2rrYCFSsr1/tT7PhcDGjZndG8SWYn0byYA==",
			"dev": true,
			"license": "MIT"
		},
		"node_modules/mhchemparser": {
			"version": "4.2.1",
			"resolved": "https://registry.npmjs.org/mhchemparser/-/mhchemparser-4.2.1.tgz",
			"integrity": "sha512-kYmyrCirqJf3zZ9t/0wGgRZ4/ZJw//VwaRVGA75C4nhE60vtnIzhl9J9ndkX/h6hxSN7pjg/cE0VxbnNM+bnDQ==",
			"dev": true,
			"license": "Apache-2.0"
		},
		"node_modules/mj-context-menu": {
			"version": "0.6.1",
			"resolved": "https://registry.npmjs.org/mj-context-menu/-/mj-context-menu-0.6.1.tgz",
			"integrity": "sha512-7NO5s6n10TIV96d4g2uDpG7ZDpIhMh0QNfGdJw/W47JswFcosz457wqz/b5sAKvl12sxINGFCn80NZHKwxQEXA==",
			"dev": true,
			"license": "Apache-2.0"
		},
		"node_modules/moo": {
			"version": "0.5.3",
			"resolved": "https://registry.npmjs.org/moo/-/moo-0.5.3.tgz",
			"integrity": "sha512-m2fmM2dDm7GZQsY7KK2cme8agi+AAljILjQnof7p1ZMDe6dQ4bdnSMx0cPppudoeNv5hEFQirN6u+O4fDE0IWA==",
			"dev": true,
			"license": "BSD-3-Clause"
		},
		"node_modules/nearley": {
			"version": "2.20.1",
			"resolved": "https://registry.npmjs.org/nearley/-/nearley-2.20.1.tgz",
			"integrity": "sha512-+Mc8UaAebFzgV+KpI5n7DasuuQCHA89dmwm7JXw3TV43ukfNQ9DnBH3Mdb2g/I4Fdxc26pwimBWvjIw0UAILSQ==",
			"dev": true,
			"license": "MIT",
			"dependencies": {
				"commander": "^2.19.0",
				"moo": "^0.5.0",
				"railroad-diagrams": "^1.0.0",
				"randexp": "0.4.6"
			},
			"bin": {
				"nearley-railroad": "bin/nearley-railroad.js",
				"nearley-test": "bin/nearley-test.js",
				"nearley-unparse": "bin/nearley-unparse.js",
				"nearleyc": "bin/nearleyc.js"
			},
			"funding": {
				"type": "individual",
				"url": "https://nearley.js.org/#give-to-nearley"
			}
		},
		"node_modules/nouislider": {
			"version": "15.8.1",
			"resolved": "https://registry.npmjs.org/nouislider/-/nouislider-15.8.1.tgz",
			"integrity": "sha512-93TweAi8kqntHJSPiSWQ1o/uZ29VWOmal9YKb6KKGGlCkugaNfAupT7o1qTHqdJvNQ7S0su5rO6qRFCjP8fxtw==",
			"dev": true,
			"license": "MIT"
		},
		"node_modules/preact": {
			"version": "10.29.8",
			"resolved": "https://registry.npmjs.org/preact/-/preact-10.29.8.tgz",
			"integrity": "sha512-ej2aVZ+vZ8WO7tvlQWRM9N63A0KzF9q4mWJfDUHgYaIofWY9hu74QdnQrjoPMmZi2/nZ5gN0bJCQF49xQqx09Q==",
			"dev": true,
			"license": "MIT",
			"funding": {
				"type": "opencollective",
				"url": "https://opencollective.com/preact"
			},
			"peerDependencies": {
				"preact-render-to-string": ">=5"
			},
			"peerDependenciesMeta": {
				"preact-render-to-string": {
					"optional": true
				}
			}
		},
		"node_modules/proj4": {
			"version": "2.21.0",
			"resolved": "https://registry.npmjs.org/proj4/-/proj4-2.21.0.tgz",
			"integrity": "sha512-33HfDftqw8kY+Cl1dcL16SJuqTSzYxmz4re7Nmhk+fs1/N1fFrAkkF579msQTR/4fLeJVSNne8/gpoCz0fk1uw==",
			"dev": true,
			"license": "MIT",
			"dependencies": {
				"mgrs": "1.0.0",
				"wkt-parser": "^1.5.5"
			},
			"funding": {
				"url": "https://github.com/sponsors/ahocevar"
			},
			"peerDependencies": {
				"geotiff": "*"
			},
			"peerDependenciesMeta": {
				"geotiff": {
					"optional": true
				}
			}
		},
		"node_modules/railroad-diagrams": {
			"version": "1.0.0",
			"resolved": "https://registry.npmjs.org/railroad-diagrams/-/railroad-diagrams-1.0.0.tgz",
			"integrity": "sha512-cz93DjNeLY0idrCNOH6PviZGRN9GJhsdm9hpn1YCS879fj4W+x5IFJhhkRZcwVgMmFF7R82UA/7Oh+R8lLZg6A==",
			"dev": true,
			"license": "CC0-1.0"
		},
		"node_modules/randexp": {
			"version": "0.4.6",
			"resolved": "https://registry.npmjs.org/randexp/-/randexp-0.4.6.tgz",
			"integrity": "sha512-80WNmd9DA0tmZrw9qQa62GPPWfuXJknrmVmLcxvq4uZBdYqb1wYoKTmnlGUchvVWe0XiLupYkBoXVOxz3C8DYQ==",
			"dev": true,
			"license": "MIT",
			"dependencies": {
				"discontinuous-range": "1.0.0",
				"ret": "~0.1.10"
			},
			"engines": {
				"node": ">=0.12"
			}
		},
		"node_modules/redux": {
			"version": "4.2.1",
			"resolved": "https://registry.npmjs.org/redux/-/redux-4.2.1.tgz",
			"integrity": "sha512-LAUYz4lc+Do8/g7aeRa8JkyDErK6ekstQaqWQrNRW//MY1TvCEpMtpTWvlQ+FPbWCx+Xixu/6SHt5N0HR+SB4w==",
			"dev": true,
			"license": "MIT",
			"dependencies": {
				"@babel/runtime": "^7.9.2"
			}
		},
		"node_modules/regl": {
			"version": "2.1.1",
			"resolved": "https://registry.npmjs.org/regl/-/regl-2.1.1.tgz",
			"integrity": "sha512-+IOGrxl3FZ8ZM9ixCWQZzFRiRn7Rzn9bu3iFHwg/yz4tlOUQgbO4PHLgG+1ZT60zcIV8tief6Qrmyl8qcoJP0g==",
			"dev": true,
			"license": "MIT"
		},
		"node_modules/ret": {
			"version": "0.1.15",
			"resolved": "https://registry.npmjs.org/ret/-/ret-0.1.15.tgz",
			"integrity": "sha512-TTlYpa+OL+vMMNG24xSlQGEJ3B/RzEfUlLct7b5G/ytav+wPrplCpVMFuwzXbkecJrb6IYo1iFb0S9v37754mg==",
			"dev": true,
			"license": "MIT",
			"engines": {
				"node": ">=0.12"
			}
		},
		"node_modules/speech-rule-engine": {
			"version": "4.1.4",
			"resolved": "https://registry.npmjs.org/speech-rule-engine/-/speech-rule-engine-4.1.4.tgz",
			"integrity": "sha512-i/VCLG1fvRc95pMHRqG4aQNscv+9aIsqA2oI7ZQS51sTdUcDHYX6cpT8/tqZ+enjs1tKVwbRBWgxut9SWn+f9g==",
			"dev": true,
			"license": "Apache-2.0",
			"dependencies": {
				"@xmldom/xmldom": "0.9.10",
				"commander": "13.1.0",
				"wicked-good-xpath": "1.3.0"
			},
			"bin": {
				"sre": "bin/sre"
			}
		},
		"node_modules/speech-rule-engine/node_modules/commander": {
			"version": "13.1.0",
			"resolved": "https://registry.npmjs.org/commander/-/commander-13.1.0.tgz",
			"integrity": "sha512-/rFeCpNJQbhSZjGVwO9RFV3xPqbnERS8MmIQzCtD/zl6gpJuV/bMLuN92oG3F7d8oDEHHRrujSXNUr8fpjntKw==",
			"dev": true,
			"license": "MIT",
			"engines": {
				"node": ">=18"
			}
		},
		"node_modules/sprintf-js": {
			"version": "1.1.3",
			"resolved": "https://registry.npmjs.org/sprintf-js/-/sprintf-js-1.1.3.tgz",
			"integrity": "sha512-Oo+0REFV59/rz3gfJNKQiBlwfHaSESl1pcGyABQsnnIfWOFt6JNj5gCog2U6MLZ//IGYD+nA8nI+mTShREReaA==",
			"dev": true,
			"license": "BSD-3-Clause"
		},
		"node_modules/timezone": {
			"version": "1.0.23",
			"resolved": "https://registry.npmjs.org/timezone/-/timezone-1.0.23.tgz",
			"integrity": "sha512-yhQgk6qmSLB+TF8HGmApZAVI5bfzR1CoKUGr+WMZWmx75ED1uDewAZA8QMGCQ70TEv4GmM8pDB9jrHuxdaQ1PA==",
			"dev": true,
			"license": "MIT"
		},
		"node_modules/tslib": {
			"version": "2.8.1",
			"resolved": "https://registry.npmjs.org/tslib/-/tslib-2.8.1.tgz",
			"integrity": "sha512-oJFu94HQb+KVduSUQL7wnpmqnfmLsOA/nAh6b6EH0wCEoK0/mPeXU6c3wKDV83MkOuHPRHtSXKKU99IBazS/2w==",
			"dev": true,
			"license": "0BSD"
		},
		"node_modules/underscore.template": {
			"version": "0.1.7",
			"resolved": "https://registry.npmjs.org/underscore.template/-/underscore.template-0.1.7.tgz",
			"integrity": "sha512-wQ25n9/J0Olo3A92QDbSCkD04FKRrjVOn6wooaFDKsrmV9alkc7vZ3MmldbVo4NbJCk9ycWSEcfGn4NzFZIcvA==",
			"dev": true,
			"license": "MIT"
		},
		"node_modules/wicked-good-xpath": {
			"version": "1.3.0",
			"resolved": "https://registry.npmjs.org/wicked-good-xpath/-/wicked-good-xpath-1.3.0.tgz",
			"integrity": "sha512-Gd9+TUn5nXdwj/hFsPVx5cuHHiF5Bwuc30jZ4+ronF1qHK5O7HD0sgmXWSEgwKquT3ClLoKPVbO6qGwVwLzvAw==",
			"dev": true,
			"license": "MIT"
		},
		"node_modules/wkt-parser": {
			"version": "1.5.6",
			"resolved": "https://registry.npmjs.org/wkt-parser/-/wkt-parser-1.5.6.tgz",
			"integrity": "sha512-cqHU3lzGt/gt2OqIORP0uVy5yeOX43WABmgFkmJsmcqH3HhQo9PiJG6ftytwGKmpQUbegeX7+pQc2BuNCRfcrw==",
			"dev": true,
			"license": "MIT",
			"funding": {
				"url": "https://github.com/sponsors/ahocevar"
			}
		}
	}
}
