lockfileVersion: '9.0'

settings:
  autoInstallPeers: true
  excludeLinksFromLockfile: false

importers:

  .:
    devDependencies:
      '@bokeh/bokehjs':
        specifier: ^3.9.2
        version: 3.9.2

packages:

  '@babel/runtime@7.29.7':
    resolution: {integrity: sha512-Nq8OhGWiZIZGV6hLHoyAKLLcJihP/xFeBMGJoUrxTX2psI8dCifzLhZISFb+VWS3wFMRDmCGw5R+dOySCqPLhw==}
    engines: {node: '>=6.9.0'}

  '@bokeh/bokehjs@3.9.2':
    resolution: {integrity: sha512-Ine6G9Fdot3ZbhCzjOxAQ8hqzxqnRdhRol4cnEtV2qrmAHl2WPTpBQX+hdxazN28M0jkJSpkwpVP9J68AQcqhQ==}
    engines: {node: '>=16.0', npm: '>=8.0'}

  '@bokeh/numbro@1.6.2':
    resolution: {integrity: sha512-owIECPc3T3QXHCb2v5Ez+/uE9SIxI7N4nd9iFlWnfBrOelr0/omvFn09VisRn37AAFAY39sJiCVgECwryHWUPA==}

  '@bokeh/slickgrid@2.4.4103':
    resolution: {integrity: sha512-wPitQJNUNUHw+86BPemvb1kIuV6UB4CpjEEDIXpU8G6Jges+8nx/iGHW8w9BwvICdeyhAmfX9Hmn5vRJMbe+uw==}
    deprecated: Package no longer supported. Contact Support at https://www.npmjs.com/support for more info.

  '@preact/signals-core@1.14.4':
    resolution: {integrity: sha512-HNB6HYeYKhQbJ1aKl+YRjrS4+QWHLKX6qKoUsfS/m0vqzsVaEBiZiaKbG/e+NKk2ch5ALQr/ihWaMHxiCuuWHA==}

  '@preact/signals@2.11.0':
    resolution: {integrity: sha512-mmrZ8I/Wef+tmSsQSjZySLRlnvuYAVfSZEy1+HrFvSwBtQf8/zSM+bV7odllUXIhKzUkBjsNk+TLZ20nt7p6Gg==}
    peerDependencies:
      preact: '>= 10.25.0 || >=11.0.0-0'

  '@types/geojson@7946.0.16':
    resolution: {integrity: sha512-6C8nqWur3j98U6+lXDfTUWIfgvZU+EumvpHKcYjujKH7woYyLj2sUmff0tRhrqM7BohUw7Pz3ZB1jj2gW9Fvmg==}

  '@types/google.maps@3.65.5':
    resolution: {integrity: sha512-oR9Hq/WaKGzIguZEwoCuyQ0ofDhCbefmS9RrjLUZ5scMziwTE6xA90drJYt2ZsyUCYmCqnxQcDpfGqeRE/Zgog==}

  '@types/jquery@4.0.1':
    resolution: {integrity: sha512-9a59A/tycXgYuPABcp6/3spSShn0NT2UOM4EfHvMumjYi4lJWTsK5SZWjhx3yRm9IHGCeWXdV2YfNsrWrft/CA==}

  '@types/nearley@2.11.5':
    resolution: {integrity: sha512-dM7TrN0bVxGGXTYGx4YhGear8ysLO5SOuouAWM9oltjQ3m9oYa13qi8Z1DJp5zxVMPukvQdsrnZmgzpeuTSEQA==}

  '@types/proj4@2.19.0':
    resolution: {integrity: sha512-mirdnXu5sW9+IphQ4r+ZVii2JVLDbXgMp1lxqbiCppdgL22EwMwL4Dy/cyHVaJ2y/mi7LUQHghpILd3w3j2bnA==}
    deprecated: This is a stub types definition. proj4 provides its own type definitions, so you do not need this installed.

  '@types/semver@7.8.0':
    resolution: {integrity: sha512-1mAINjtQCXXeLkJ9ehXkwOcBpqtLxiVtKhpUf83DdRNdQKV0iXZpaHYqRr7nj+wvxuJzoAmAwXI+sCNMv1CzLQ==}

  '@types/slickgrid@2.1.40':
    resolution: {integrity: sha512-+HWaipRr4bw0cy4eS8PCWxo+Fi66aL+mh36unRLAWtatAvMnxpldTKfpe9T7zdNtgN+rq+/faux3JzFR1mj/dg==}

  '@types/sprintf-js@1.1.4':
    resolution: {integrity: sha512-aWK1reDYWxcjgcIIPmQi3u+OQDuYa9b+lr6eIsGWrekJ9vr1NSjr4Eab8oQ1iKuH1ltFHpXGyerAv1a3FMKxzQ==}

  '@types/trusted-types@2.0.7':
    resolution: {integrity: sha512-ScaPdn1dQczgbl0QFTeTOmVHFULt394XJgOQNoyVhZ6r2vLnMLJfBPd53SB52T/3G36VI1/g2MZaX0cwDuXsfw==}

  '@xmldom/xmldom@0.9.10':
    resolution: {integrity: sha512-A9gOqLdi6cV4ibazAjcQufGj0B1y/vDqYrcuP6d/6x8P27gRS8643Dj9o1dEKtB6O7fwxb2FgBmJS2mX7gpvdw==}
    engines: {node: '>=14.6'}

  choices.js@10.2.0:
    resolution: {integrity: sha512-8PKy6wq7BMjNwDTZwr3+Zry6G2+opJaAJDDA/j3yxvqSCnvkKe7ZIFfIyOhoc7htIWFhsfzF9tJpGUATcpUtPg==}

  commander@13.1.0:
    resolution: {integrity: sha512-/rFeCpNJQbhSZjGVwO9RFV3xPqbnERS8MmIQzCtD/zl6gpJuV/bMLuN92oG3F7d8oDEHHRrujSXNUr8fpjntKw==}
    engines: {node: '>=18'}

  commander@2.20.3:
    resolution: {integrity: sha512-GpVkmM8vF2vQUkj2LvZmD35JxeJOLCwJ9cUkugyk2nuhbv3+mJvpLYYt+0+USMxE+oj+ey/lJEnhZw75x/OMcQ==}

  deepmerge@4.3.1:
    resolution: {integrity: sha512-3sUqbMEc77XqpdNO7FRyRog+eW3ph+GYCbj+rK+uYyRMuwsVy0rMiVtPn+QJlKFvWP/1PYpapqYn0Me2knFn+A==}
    engines: {node: '>=0.10.0'}

  discontinuous-range@1.0.0:
    resolution: {integrity: sha512-c68LpLbO+7kP/b1Hr1qs8/BJ09F5khZGTxqxZuhzxpmwJKOgRFHJWIb9/KmqnqHhLdO55aOxFH/EGBvUQbL/RQ==}

  dompurify@3.4.13:
    resolution: {integrity: sha512-2vmYIoqjze2d+kakP8S/nS5shfsl587kzwEjcGlTdiksUVgFHnFCsLYDVj/JNqJVOQZGSYBTmuycv0PodwmnMQ==}

  esm@3.2.25:
    resolution: {integrity: sha512-U1suiZ2oDVWv4zPO56S0NcR5QriEahGtdN2OR6FiOG4WJvcjBVFB0qI4+eKoWFH483PKGuLuu6V8Z4T5g63UVA==}
    engines: {node: '>=6'}

  fflate@0.8.3:
    resolution: {integrity: sha512-tbZNuJrLwGUp3zshBtdy4W+ORxZuIh8a5ilyIEQDC5rY1f3U20JMry0Ll3WBzU58EZKsEuJFXhb5gwv8CsPvgA==}

  flatbush@4.6.2:
    resolution: {integrity: sha512-nNT7MFJ58Q4IAm3aYsEg+zgZGpdRcmR1i4U+aa8c+r91jmYZg7FTQwNnIMC0FyBqVZTbClKdAnrJkKkfp1BOvw==}

  flatpickr@4.6.13:
    resolution: {integrity: sha512-97PMG/aywoYpB4IvbvUJi0RQi8vearvU0oov1WW3k0WZPBMrTQVqekSX5CjSG/M4Q3i6A/0FKXC7RyAoAUUSPw==}

  flatqueue@3.1.0:
    resolution: {integrity: sha512-Ia4qIYrrsEqIRx3c3XhkT+QDLQuUV5ovsr6ah1rIgKT5wclhoGK3lAMS1bWRAWxlx7wtlTBpV7QXB5d9fOSRxA==}

  fuse.js@6.6.2:
    resolution: {integrity: sha512-cJaJkxCCxC8qIIcPBF9yGxY0W/tVZS3uEISDxhYIdtk8OL93pe+6Zj7LjCqVV4dzbqcriOZ+kQ/NE4RXZHsIGA==}
    engines: {node: '>=10'}

  jquery-ui@1.14.2:
    resolution: {integrity: sha512-1gSl7PUjyipa2adSr780Ujk16faicrV7PjPPzPtvWk7tTqBnsqp67NNV9jZK2+BIxUPXWSnIUU/LBCgwgGZE+Q==}

  jquery@4.0.0:
    resolution: {integrity: sha512-TXCHVR3Lb6TZdtw1l3RTLf8RBWVGexdxL6AC8/e0xZKEpBflBsjh9/8LXw+dkNFuOyW9B7iB3O1sP7hS0Kiacg==}

  marked@17.0.6:
    resolution: {integrity: sha512-gB0gkNafnonOw0obSTEGZTT86IuhILt2Wfx0mWH/1Au83kybTayroZ/V6nS25mN7u8ASy+5fMhgB3XPNrOZdmA==}
    engines: {node: '>= 20'}
    hasBin: true

  mathjax-full@3.2.2:
    resolution: {integrity: sha512-+LfG9Fik+OuI8SLwsiR02IVdjcnRCy5MufYLi0C3TdMT56L/pjB0alMVGgoWJF8pN9Rc7FESycZB9BMNWIid5w==}
    deprecated: Version 4 replaces this package with the scoped package @mathjax/src

  mgrs@1.0.0:
    resolution: {integrity: sha512-awNbTOqCxK1DBGjalK3xqWIstBZgN6fxsMSiXLs9/spqWkF2pAhb2rrYCFSsr1/tT7PhcDGjZndG8SWYn0byYA==}

  mhchemparser@4.2.1:
    resolution: {integrity: sha512-kYmyrCirqJf3zZ9t/0wGgRZ4/ZJw//VwaRVGA75C4nhE60vtnIzhl9J9ndkX/h6hxSN7pjg/cE0VxbnNM+bnDQ==}

  mj-context-menu@0.6.1:
    resolution: {integrity: sha512-7NO5s6n10TIV96d4g2uDpG7ZDpIhMh0QNfGdJw/W47JswFcosz457wqz/b5sAKvl12sxINGFCn80NZHKwxQEXA==}

  moo@0.5.3:
    resolution: {integrity: sha512-m2fmM2dDm7GZQsY7KK2cme8agi+AAljILjQnof7p1ZMDe6dQ4bdnSMx0cPppudoeNv5hEFQirN6u+O4fDE0IWA==}

  nearley@2.20.1:
    resolution: {integrity: sha512-+Mc8UaAebFzgV+KpI5n7DasuuQCHA89dmwm7JXw3TV43ukfNQ9DnBH3Mdb2g/I4Fdxc26pwimBWvjIw0UAILSQ==}
    hasBin: true

  nouislider@15.8.1:
    resolution: {integrity: sha512-93TweAi8kqntHJSPiSWQ1o/uZ29VWOmal9YKb6KKGGlCkugaNfAupT7o1qTHqdJvNQ7S0su5rO6qRFCjP8fxtw==}

  preact@10.29.8:
    resolution: {integrity: sha512-ej2aVZ+vZ8WO7tvlQWRM9N63A0KzF9q4mWJfDUHgYaIofWY9hu74QdnQrjoPMmZi2/nZ5gN0bJCQF49xQqx09Q==}
    peerDependencies:
      preact-render-to-string: '>=5'
    peerDependenciesMeta:
      preact-render-to-string:
        optional: true

  proj4@2.21.0:
    resolution: {integrity: sha512-33HfDftqw8kY+Cl1dcL16SJuqTSzYxmz4re7Nmhk+fs1/N1fFrAkkF579msQTR/4fLeJVSNne8/gpoCz0fk1uw==}
    peerDependencies:
      geotiff: '*'
    peerDependenciesMeta:
      geotiff:
        optional: true

  railroad-diagrams@1.0.0:
    resolution: {integrity: sha512-cz93DjNeLY0idrCNOH6PviZGRN9GJhsdm9hpn1YCS879fj4W+x5IFJhhkRZcwVgMmFF7R82UA/7Oh+R8lLZg6A==}

  randexp@0.4.6:
    resolution: {integrity: sha512-80WNmd9DA0tmZrw9qQa62GPPWfuXJknrmVmLcxvq4uZBdYqb1wYoKTmnlGUchvVWe0XiLupYkBoXVOxz3C8DYQ==}
    engines: {node: '>=0.12'}

  redux@4.2.1:
    resolution: {integrity: sha512-LAUYz4lc+Do8/g7aeRa8JkyDErK6ekstQaqWQrNRW//MY1TvCEpMtpTWvlQ+FPbWCx+Xixu/6SHt5N0HR+SB4w==}

  regl@2.1.1:
    resolution: {integrity: sha512-+IOGrxl3FZ8ZM9ixCWQZzFRiRn7Rzn9bu3iFHwg/yz4tlOUQgbO4PHLgG+1ZT60zcIV8tief6Qrmyl8qcoJP0g==}

  ret@0.1.15:
    resolution: {integrity: sha512-TTlYpa+OL+vMMNG24xSlQGEJ3B/RzEfUlLct7b5G/ytav+wPrplCpVMFuwzXbkecJrb6IYo1iFb0S9v37754mg==}
    engines: {node: '>=0.12'}

  speech-rule-engine@4.1.4:
    resolution: {integrity: sha512-i/VCLG1fvRc95pMHRqG4aQNscv+9aIsqA2oI7ZQS51sTdUcDHYX6cpT8/tqZ+enjs1tKVwbRBWgxut9SWn+f9g==}
    hasBin: true

  sprintf-js@1.1.3:
    resolution: {integrity: sha512-Oo+0REFV59/rz3gfJNKQiBlwfHaSESl1pcGyABQsnnIfWOFt6JNj5gCog2U6MLZ//IGYD+nA8nI+mTShREReaA==}

  timezone@1.0.23:
    resolution: {integrity: sha512-yhQgk6qmSLB+TF8HGmApZAVI5bfzR1CoKUGr+WMZWmx75ED1uDewAZA8QMGCQ70TEv4GmM8pDB9jrHuxdaQ1PA==}

  tslib@1.14.1:
    resolution: {integrity: sha512-Xni35NKzjgMrwevysHTCArtLDpPvye8zV/0E4EyYn43P7/7qvQwPh9BGkHewbMulVntbigmcT7rdX3BNo9wRJg==}

  tslib@2.8.1:
    resolution: {integrity: sha512-oJFu94HQb+KVduSUQL7wnpmqnfmLsOA/nAh6b6EH0wCEoK0/mPeXU6c3wKDV83MkOuHPRHtSXKKU99IBazS/2w==}

  underscore.template@0.1.7:
    resolution: {integrity: sha512-wQ25n9/J0Olo3A92QDbSCkD04FKRrjVOn6wooaFDKsrmV9alkc7vZ3MmldbVo4NbJCk9ycWSEcfGn4NzFZIcvA==}

  wicked-good-xpath@1.3.0:
    resolution: {integrity: sha512-Gd9+TUn5nXdwj/hFsPVx5cuHHiF5Bwuc30jZ4+ronF1qHK5O7HD0sgmXWSEgwKquT3ClLoKPVbO6qGwVwLzvAw==}

  wkt-parser@1.5.6:
    resolution: {integrity: sha512-cqHU3lzGt/gt2OqIORP0uVy5yeOX43WABmgFkmJsmcqH3HhQo9PiJG6ftytwGKmpQUbegeX7+pQc2BuNCRfcrw==}

snapshots:

  '@babel/runtime@7.29.7': {}

  '@bokeh/bokehjs@3.9.2':
    dependencies:
      '@bokeh/numbro': 1.6.2
      '@bokeh/slickgrid': 2.4.4103
      '@preact/signals': 2.11.0(preact@10.29.8)
      '@types/geojson': 7946.0.16
      '@types/google.maps': 3.65.5
      '@types/nearley': 2.11.5
      '@types/proj4': 2.19.0
      '@types/semver': 7.8.0
      '@types/sprintf-js': 1.1.4
      choices.js: 10.2.0
      dompurify: 3.4.13
      fflate: 0.8.3
      flatbush: 4.6.2
      flatpickr: 4.6.13
      marked: 17.0.6
      mathjax-full: 3.2.2
      nearley: 2.20.1
      nouislider: 15.8.1
      preact: 10.29.8
      proj4: 2.21.0
      regl: 2.1.1
      sprintf-js: 1.1.3
      timezone: 1.0.23
      tslib: 2.8.1
      underscore.template: 0.1.7
    transitivePeerDependencies:
      - geotiff
      - preact-render-to-string

  '@bokeh/numbro@1.6.2': {}

  '@bokeh/slickgrid@2.4.4103':
    dependencies:
      '@types/slickgrid': 2.1.40
      jquery: 4.0.0
      jquery-ui: 1.14.2
      tslib: 1.14.1

  '@preact/signals-core@1.14.4': {}

  '@preact/signals@2.11.0(preact@10.29.8)':
    dependencies:
      '@preact/signals-core': 1.14.4
      preact: 10.29.8

  '@types/geojson@7946.0.16': {}

  '@types/google.maps@3.65.5': {}

  '@types/jquery@4.0.1': {}

  '@types/nearley@2.11.5': {}

  '@types/proj4@2.19.0':
    dependencies:
      proj4: 2.21.0
    transitivePeerDependencies:
      - geotiff

  '@types/semver@7.8.0': {}

  '@types/slickgrid@2.1.40':
    dependencies:
      '@types/jquery': 4.0.1

  '@types/sprintf-js@1.1.4': {}

  '@types/trusted-types@2.0.7':
    optional: true

  '@xmldom/xmldom@0.9.10': {}

  choices.js@10.2.0:
    dependencies:
      deepmerge: 4.3.1
      fuse.js: 6.6.2
      redux: 4.2.1

  commander@13.1.0: {}

  commander@2.20.3: {}

  deepmerge@4.3.1: {}

  discontinuous-range@1.0.0: {}

  dompurify@3.4.13:
    optionalDependencies:
      '@types/trusted-types': 2.0.7

  esm@3.2.25: {}

  fflate@0.8.3: {}

  flatbush@4.6.2:
    dependencies:
      flatqueue: 3.1.0

  flatpickr@4.6.13: {}

  flatqueue@3.1.0: {}

  fuse.js@6.6.2: {}

  jquery-ui@1.14.2:
    dependencies:
      jquery: 4.0.0

  jquery@4.0.0: {}

  marked@17.0.6: {}

  mathjax-full@3.2.2:
    dependencies:
      esm: 3.2.25
      mhchemparser: 4.2.1
      mj-context-menu: 0.6.1
      speech-rule-engine: 4.1.4

  mgrs@1.0.0: {}

  mhchemparser@4.2.1: {}

  mj-context-menu@0.6.1: {}

  moo@0.5.3: {}

  nearley@2.20.1:
    dependencies:
      commander: 2.20.3
      moo: 0.5.3
      railroad-diagrams: 1.0.0
      randexp: 0.4.6

  nouislider@15.8.1: {}

  preact@10.29.8: {}

  proj4@2.21.0:
    dependencies:
      mgrs: 1.0.0
      wkt-parser: 1.5.6

  railroad-diagrams@1.0.0: {}

  randexp@0.4.6:
    dependencies:
      discontinuous-range: 1.0.0
      ret: 0.1.15

  redux@4.2.1:
    dependencies:
      '@babel/runtime': 7.29.7

  regl@2.1.1: {}

  ret@0.1.15: {}

  speech-rule-engine@4.1.4:
    dependencies:
      '@xmldom/xmldom': 0.9.10
      commander: 13.1.0
      wicked-good-xpath: 1.3.0

  sprintf-js@1.1.3: {}

  timezone@1.0.23: {}

  tslib@1.14.1: {}

  tslib@2.8.1: {}

  underscore.template@0.1.7: {}

  wicked-good-xpath@1.3.0: {}

  wkt-parser@1.5.6: {}
